{
  "name": "whatsappchathistorydemo",
  "version": "1.0.0",
  "lockfileVersion": 2,
  "requires": true,
  "packages": {
    "": {
      "name": "whatsappchathistorydemo",
      "version": "1.0.0",
      "license": "ISC",
      "dependencies": {
        "moment": "^2.29.3",
        "whatsapp-chat-parser": "^3.2.1"
      }
    },
    "node_modules/moment": {
      "version": "2.29.3",
      "resolved": "https://registry.npmjs.org/moment/-/moment-2.29.3.tgz",
      "integrity": "sha512-c6YRvhEo//6T2Jz/vVtYzqBzwvPT95JBQ+smCytzf7c50oMZRsR/a4w88aD34I+/QVSfnoAnSBFPJHItlOMJVw==",
      "engines": {
        "node": "*"
      }
    },
    "node_modules/whatsapp-chat-parser": {
      "version": "3.2.1",
      "resolved": "https://registry.npmjs.org/whatsapp-chat-parser/-/whatsapp-chat-parser-3.2.1.tgz",
      "integrity": "sha512-w9ijusSKPkPz4bAfecZMyYFAfv+uj056Qf+iIFaPv42xSKDUO0986ts/JcdjJItsE/Nwx43dAGb+eIyTxADcEg==",
      "engines": {
        "node": ">=8.0.0"
      }
    }
  },
  "dependencies": {
    "moment": {
      "version": "2.29.3",
      "resolved": "https://registry.npmjs.org/moment/-/moment-2.29.3.tgz",
      "integrity": "sha512-c6YRvhEo//6T2Jz/vVtYzqBzwvPT95JBQ+smCytzf7c50oMZRsR/a4w88aD34I+/QVSfnoAnSBFPJHItlOMJVw=="
    },
    "whatsapp-chat-parser": {
      "version": "3.2.1",
      "resolved": "https://registry.npmjs.org/whatsapp-chat-parser/-/whatsapp-chat-parser-3.2.1.tgz",
      "integrity": "sha512-w9ijusSKPkPz4bAfecZMyYFAfv+uj056Qf+iIFaPv42xSKDUO0986ts/JcdjJItsE/Nwx43dAGb+eIyTxADcEg=="
    }
  }
}
